
Microsoft Visual Studio Solution File, Format Version 12.00
# Visual Studio Version 16
VisualStudioVersion = 16.0.32802.440
MinimumVisualStudioVersion = 10.0.40219.1
Project("{888888A0-9F3D-457C-B088-3A5042F75D52}") = "G4 Sync", "XLAB OSC Client\G4 Sync.pyproj", "{4E710964-FAE3-4B3A-981C-5656252DB254}"
EndProject
Global
	GlobalSection(SolutionConfigurationPlatforms) = preSolution
		Debug|Any CPU = Debug|Any CPU
		Release|Any CPU = Release|Any CPU
	EndGlobalSection
	GlobalSection(ProjectConfigurationPlatforms) = postSolution
		{4E710964-FAE3-4B3A-981C-5656252DB254}.Debug|Any CPU.ActiveCfg = Debug|Any CPU
		{4E710964-FAE3-4B3A-981C-5656252DB254}.Release|Any CPU.ActiveCfg = Release|Any CPU
	EndGlobalSection
	GlobalSection(SolutionProperties) = preSolution
		HideSolutionNode = FALSE
	EndGlobalSection
	GlobalSection(ExtensibilityGlobals) = postSolution
		SolutionGuid = {EC5AB270-E05C-4F29-99CA-8043DD68A07B}
	EndGlobalSection
EndGlobal
